
Microsoft Visual Studio Solution File, Format Version 12.00
# Visual Studio Version 17
VisualStudioVersion = 17.0.31903.59
MinimumVisualStudioVersion = 10.0.40219.1
Project("{2150E333-8FDC-42A3-9474-1A3956D46DE8}") = "Application", "Application", "{3B118127-DFFC-48B9-ABA5-2741B0B89279}"
EndProject
Project("{FAE04EC0-301F-11D3-BF4B-00C04F79EFBC}") = "UM.Application", "Application\UM.Application\UM.Application.csproj", "{CE7564E3-D011-4EB3-81DC-F964A00D7249}"
EndProject
Project("{2150E333-8FDC-42A3-9474-1A3956D46DE8}") = "Domain", "Domain", "{BD172665-B77F-49F4-9FC9-65236C138CC3}"
EndProject
Project("{FAE04EC0-301F-11D3-BF4B-00C04F79EFBC}") = "UM.Domain", "Domain\UM.Domain\UM.Domain.csproj", "{3E5E1429-76CE-4A58-804D-D944067B1D31}"
EndProject
Project("{2150E333-8FDC-42A3-9474-1A3956D46DE8}") = "Presentation", "Presentation", "{80C83D33-ECD1-46AC-BA1C-75873BCA95BD}"
EndProject
Project("{FAE04EC0-301F-11D3-BF4B-00C04F79EFBC}") = "UM.Presentation", "Presentation\UM.Presentation\UM.Presentation.csproj", "{7FAAF57F-0402-4C3C-9BA7-50CFC0699EE8}"
EndProject
Global
	GlobalSection(SolutionConfigurationPlatforms) = preSolution
		Debug|Any CPU = Debug|Any CPU
		Release|Any CPU = Release|Any CPU
	EndGlobalSection
	GlobalSection(SolutionProperties) = preSolution
		HideSolutionNode = FALSE
	EndGlobalSection
	GlobalSection(ProjectConfigurationPlatforms) = postSolution
		{CE7564E3-D011-4EB3-81DC-F964A00D7249}.Debug|Any CPU.ActiveCfg = Debug|Any CPU
		{CE7564E3-D011-4EB3-81DC-F964A00D7249}.Debug|Any CPU.Build.0 = Debug|Any CPU
		{CE7564E3-D011-4EB3-81DC-F964A00D7249}.Release|Any CPU.ActiveCfg = Release|Any CPU
		{CE7564E3-D011-4EB3-81DC-F964A00D7249}.Release|Any CPU.Build.0 = Release|Any CPU
		{3E5E1429-76CE-4A58-804D-D944067B1D31}.Debug|Any CPU.ActiveCfg = Debug|Any CPU
		{3E5E1429-76CE-4A58-804D-D944067B1D31}.Debug|Any CPU.Build.0 = Debug|Any CPU
		{3E5E1429-76CE-4A58-804D-D944067B1D31}.Release|Any CPU.ActiveCfg = Release|Any CPU
		{3E5E1429-76CE-4A58-804D-D944067B1D31}.Release|Any CPU.Build.0 = Release|Any CPU
		{7FAAF57F-0402-4C3C-9BA7-50CFC0699EE8}.Debug|Any CPU.ActiveCfg = Debug|Any CPU
		{7FAAF57F-0402-4C3C-9BA7-50CFC0699EE8}.Debug|Any CPU.Build.0 = Debug|Any CPU
		{7FAAF57F-0402-4C3C-9BA7-50CFC0699EE8}.Release|Any CPU.ActiveCfg = Release|Any CPU
		{7FAAF57F-0402-4C3C-9BA7-50CFC0699EE8}.Release|Any CPU.Build.0 = Release|Any CPU
	EndGlobalSection
	GlobalSection(NestedProjects) = preSolution
		{CE7564E3-D011-4EB3-81DC-F964A00D7249} = {3B118127-DFFC-48B9-ABA5-2741B0B89279}
		{3E5E1429-76CE-4A58-804D-D944067B1D31} = {BD172665-B77F-49F4-9FC9-65236C138CC3}
		{7FAAF57F-0402-4C3C-9BA7-50CFC0699EE8} = {80C83D33-ECD1-46AC-BA1C-75873BCA95BD}
	EndGlobalSection
EndGlobal
